
Microsoft Visual Studio Solution File, Format Version 12.00
# Visual Studio Version 17
VisualStudioVersion = 17.7.34009.444
MinimumVisualStudioVersion = 10.0.40219.1
Project("{FAE04EC0-301F-11D3-BF4B-00C04F79EFBC}") = "ForestSurvivor", "ForestSurvivor\ForestSurvivor.csproj", "{871E1E57-60F8-4F46-9FFF-845370D7DEC6}"
EndProject
Global
	GlobalSection(SolutionConfigurationPlatforms) = preSolution
		Debug|Any CPU = Debug|Any CPU
		Release|Any CPU = Release|Any CPU
	EndGlobalSection
	GlobalSection(ProjectConfigurationPlatforms) = postSolution
		{871E1E57-60F8-4F46-9FFF-845370D7DEC6}.Debug|Any CPU.ActiveCfg = Debug|Any CPU
		{871E1E57-60F8-4F46-9FFF-845370D7DEC6}.Debug|Any CPU.Build.0 = Debug|Any CPU
		{871E1E57-60F8-4F46-9FFF-845370D7DEC6}.Release|Any CPU.ActiveCfg = Release|Any CPU
		{871E1E57-60F8-4F46-9FFF-845370D7DEC6}.Release|Any CPU.Build.0 = Release|Any CPU
	EndGlobalSection
	GlobalSection(SolutionProperties) = preSolution
		HideSolutionNode = FALSE
	EndGlobalSection
	GlobalSection(ExtensibilityGlobals) = postSolution
		SolutionGuid = {2247B5E6-7B35-46DF-B1DB-1D8CE3DFB31D}
	EndGlobalSection
EndGlobal
